
Microsoft Visual Studio Solution File, Format Version 12.00
# Visual Studio Version 17
VisualStudioVersion = 17.14.36121.58 d17.14
MinimumVisualStudioVersion = 10.0.40219.1
Project("{888888A0-9F3D-457C-B088-3A5042F75D52}") = "Calculadora de Descuento", "Calculadora de Descuento\Calculadora de Descuento.pyproj", "{56C468BE-0022-4674-9748-5BF4469B35DB}"
EndProject
Global
	GlobalSection(SolutionConfigurationPlatforms) = preSolution
		Debug|Any CPU = Debug|Any CPU
		Release|Any CPU = Release|Any CPU
	EndGlobalSection
	GlobalSection(ProjectConfigurationPlatforms) = postSolution
		{56C468BE-0022-4674-9748-5BF4469B35DB}.Debug|Any CPU.ActiveCfg = Debug|Any CPU
		{56C468BE-0022-4674-9748-5BF4469B35DB}.Release|Any CPU.ActiveCfg = Release|Any CPU
	EndGlobalSection
	GlobalSection(SolutionProperties) = preSolution
		HideSolutionNode = FALSE
	EndGlobalSection
	GlobalSection(ExtensibilityGlobals) = postSolution
		SolutionGuid = {FA721ECC-4028-49CA-A58A-A782271C30DA}
	EndGlobalSection
EndGlobal
