
Microsoft Visual Studio Solution File, Format Version 12.00
# Visual Studio Version 17
VisualStudioVersion = 17.14.36121.58 d17.14
MinimumVisualStudioVersion = 10.0.40219.1
Project("{888888A0-9F3D-457C-B088-3A5042F75D52}") = "Clasificador de Números", "Clasificador de Números\Clasificador de Números.pyproj", "{D768D408-12DC-401D-89DC-1F3FBB57B2BA}"
EndProject
Global
	GlobalSection(SolutionConfigurationPlatforms) = preSolution
		Debug|Any CPU = Debug|Any CPU
		Release|Any CPU = Release|Any CPU
	EndGlobalSection
	GlobalSection(ProjectConfigurationPlatforms) = postSolution
		{D768D408-12DC-401D-89DC-1F3FBB57B2BA}.Debug|Any CPU.ActiveCfg = Debug|Any CPU
		{D768D408-12DC-401D-89DC-1F3FBB57B2BA}.Release|Any CPU.ActiveCfg = Release|Any CPU
	EndGlobalSection
	GlobalSection(SolutionProperties) = preSolution
		HideSolutionNode = FALSE
	EndGlobalSection
	GlobalSection(ExtensibilityGlobals) = postSolution
		SolutionGuid = {DE31D1CC-B90B-4A8D-B61C-A10F6747C3FA}
	EndGlobalSection
EndGlobal
